<?xml version="1.0" encoding="utf-8"?>
<Project ToolsVersion="4.0" xmlns="http://schemas.microsoft.com/developer/msbuild/2003">
  <ItemGroup>
    <Filter Include="Source Files">
      <UniqueIdentifier>{4FC737F1-C7A5-4376-A066-2A32D752A2FF}</UniqueIdentifier>
      <Extensions>cpp;c;cc;cxx;def;odl;idl;hpj;bat;asm;asmx</Extensions>
    </Filter>
    <Filter Include="Header Files">
      <UniqueIdentifier>{93995380-89BD-4b04-88EB-625FBE52EBFB}</UniqueIdentifier>
      <Extensions>h;hh;hpp;hxx;hm;inl;inc;ipp;xsd</Extensions>
    </Filter>
    <Filter Include="Resource Files">
      <UniqueIdentifier>{67DA6AB6-F800-4c08-8B7A-83BB121AAD01}</UniqueIdentifier>
      <Extensions>rc;ico;cur;bmp;dlg;rc2;rct;bin;rgs;gif;jpg;jpeg;jpe;resx;tiff;tif;png;wav;mfcribbon-ms</Extensions>
    </Filter>
  </ItemGroup>
  <ItemGroup>
    <ClInclude Include="..\Class Diagram\Cell.h">
      <Filter>Header Files</Filter>
    </ClInclude>
    <ClInclude Include="..\Class Diagram\Command.h">
      <Filter>Header Files</Filter>
    </ClInclude>
    <ClInclude Include="..\Class Diagram\ConcreteTankCommand.h">
      <Filter>Header Files</Filter>
    </ClInclude>
    <ClInclude Include="..\Class Diagram\CreateEnemyStrategy.h">
      <Filter>Header Files</Filter>
    </ClInclude>
    <ClInclude Include="..\Class Diagram\CreateObjectStrategy.h">
      <Filter>Header Files</Filter>
    </ClInclude>
    <ClInclude Include="..\Class Diagram\CreateWallStrategy.h">
      <Filter>Header Files</Filter>
    </ClInclude>
    <ClInclude Include="..\Class Diagram\DrawEnemyStrategy.h">
      <Filter>Header Files</Filter>
    </ClInclude>
    <ClInclude Include="..\Class Diagram\Drawer.h">
      <Filter>Header Files</Filter>
    </ClInclude>
    <ClInclude Include="..\Class Diagram\DrawGoldStrategy.h">
      <Filter>Header Files</Filter>
    </ClInclude>
    <ClInclude Include="..\Class Diagram\DrawInfo.h">
      <Filter>Header Files</Filter>
    </ClInclude>
    <ClInclude Include="..\Class Diagram\DrawObjectStrategy.h">
      <Filter>Header Files</Filter>
    </ClInclude>
    <ClInclude Include="..\Class Diagram\DrawPlayerStrategy.h">
      <Filter>Header Files</Filter>
    </ClInclude>
    <ClInclude Include="..\Class Diagram\DrawProjectileStrategy.h">
      <Filter>Header Files</Filter>
    </ClInclude>
    <ClInclude Include="..\Class Diagram\DrawWallStrategy.h">
      <Filter>Header Files</Filter>
    </ClInclude>
    <ClInclude Include="..\Class Diagram\Field.h">
      <Filter>Header Files</Filter>
    </ClInclude>
    <ClInclude Include="..\Class Diagram\Game.h">
      <Filter>Header Files</Filter>
    </ClInclude>
    <ClInclude Include="..\Class Diagram\GameObject.h">
      <Filter>Header Files</Filter>
    </ClInclude>
    <ClInclude Include="..\Class Diagram\Gold.h">
      <Filter>Header Files</Filter>
    </ClInclude>
    <ClInclude Include="..\Class Diagram\MovingObject.h">
      <Filter>Header Files</Filter>
    </ClInclude>
    <ClInclude Include="..\Class Diagram\Projectile.h">
      <Filter>Header Files</Filter>
    </ClInclude>
    <ClInclude Include="..\Class Diagram\Shell.h">
      <Filter>Header Files</Filter>
    </ClInclude>
    <ClInclude Include="..\Class Diagram\Tank.h">
      <Filter>Header Files</Filter>
    </ClInclude>
    <ClInclude Include="..\Class Diagram\TankCommand.h">
      <Filter>Header Files</Filter>
    </ClInclude>
    <ClInclude Include="..\Class Diagram\Wall.h">
      <Filter>Header Files</Filter>
    </ClInclude>
    <ClInclude Include="..\Class Diagram\Way.h">
      <Filter>Header Files</Filter>
    </ClInclude>
  </ItemGroup>
  <ItemGroup>
    <ClCompile Include="..\Class Diagram\Cell.cpp">
      <Filter>Source Files</Filter>
    </ClCompile>
    <ClCompile Include="..\Class Diagram\ConcreteTankCommand.cpp">
      <Filter>Source Files</Filter>
    </ClCompile>
    <ClCompile Include="..\Class Diagram\CreateEnemyStrategy.cpp">
      <Filter>Source Files</Filter>
    </ClCompile>
    <ClCompile Include="..\Class Diagram\CreateWallStrategy.cpp">
      <Filter>Source Files</Filter>
    </ClCompile>
    <ClCompile Include="..\Class Diagram\DrawEnemyStrategy.cpp">
      <Filter>Source Files</Filter>
    </ClCompile>
    <ClCompile Include="..\Class Diagram\Drawer.cpp">
      <Filter>Source Files</Filter>
    </ClCompile>
    <ClCompile Include="..\Class Diagram\DrawGoldStrategy.cpp">
      <Filter>Source Files</Filter>
    </ClCompile>
    <ClCompile Include="..\Class Diagram\DrawPlayerStrategy.cpp">
      <Filter>Source Files</Filter>
    </ClCompile>
    <ClCompile Include="..\Class Diagram\DrawProjectileStrategy.cpp">
      <Filter>Source Files</Filter>
    </ClCompile>
    <ClCompile Include="..\Class Diagram\DrawWallStrategy.cpp">
      <Filter>Source Files</Filter>
    </ClCompile>
    <ClCompile Include="..\Class Diagram\Field.cpp">
      <Filter>Source Files</Filter>
    </ClCompile>
    <ClCompile Include="..\Class Diagram\Game.cpp">
      <Filter>Source Files</Filter>
    </ClCompile>
    <ClCompile Include="..\Class Diagram\Gold.cpp">
      <Filter>Source Files</Filter>
    </ClCompile>
    <ClCompile Include="..\Class Diagram\Shell.cpp">
      <Filter>Source Files</Filter>
    </ClCompile>
    <ClCompile Include="..\Class Diagram\Tank.cpp">
      <Filter>Source Files</Filter>
    </ClCompile>
    <ClCompile Include="..\Class Diagram\Wall.cpp">
      <Filter>Source Files</Filter>
    </ClCompile>
  </ItemGroup>
</Project>